// !$*UTF8*$!
{
	archiveVersion = 1;
	classes = {
	};
	objectVersion = 55;
	objects = {

/* Begin PBXBuildFile section */
		CEEB1DF527185D9400021B9D /* Coffee_APIApp.swift in Sources */ = {isa = PBXBuildFile; fileRef = CEEB1DF427185D9400021B9D /* Coffee_APIApp.swift */; };
		CEEB1DF927185DAD00021B9D /* Assets.xcassets in Resources */ = {isa = PBXBuildFile; fileRef = CEEB1DF827185DAD00021B9D /* Assets.xcassets */; };
		CEEB1DFC27185DAD00021B9D /* Preview Assets.xcassets in Resources */ = {isa = PBXBuildFile; fileRef = CEEB1DFB27185DAD00021B9D /* Preview Assets.xcassets */; };
		CEEB1E0527185E3500021B9D /* APIConstants .swift in Sources */ = {isa = PBXBuildFile; fileRef = CEEB1E0427185E3500021B9D /* APIConstants .swift */; };
		CEEB1E1727186A0500021B9D /* Coffee.swift in Sources */ = {isa = PBXBuildFile; fileRef = CEEB1E1627186A0500021B9D /* Coffee.swift */; };
		CEEB1E1A27186B1000021B9D /* CoffeeService.swift in Sources */ = {isa = PBXBuildFile; fileRef = CEEB1E1927186B1000021B9D /* CoffeeService.swift */; };
		CEEB1E1D27186C2500021B9D /* CoffeeViewModel.swift in Sources */ = {isa = PBXBuildFile; fileRef = CEEB1E1C27186C2500021B9D /* CoffeeViewModel.swift */; };
		CEEB1E2327186FC500021B9D /* CoffeeImageView.swift in Sources */ = {isa = PBXBuildFile; fileRef = CEEB1E2227186FC500021B9D /* CoffeeImageView.swift */; };
		CEF02E2A2720E9F2001FC920 /* CurrentCoffeeScreen.swift in Sources */ = {isa = PBXBuildFile; fileRef = CEF02E292720E9F2001FC920 /* CurrentCoffeeScreen.swift */; };
		CEF02E2C2720EAF1001FC920 /* LoadingView.swift in Sources */ = {isa = PBXBuildFile; fileRef = CEF02E2B2720EAF1001FC920 /* LoadingView.swift */; };
/* End PBXBuildFile section */

/* Begin PBXFileReference section */
		CEEB1DF127185D9400021B9D /* Coffee API.app */ = {isa = PBXFileReference; explicitFileType = wrapper.application; includeInIndex = 0; path = "Coffee API.app"; sourceTree = BUILT_PRODUCTS_DIR; };
		CEEB1DF427185D9400021B9D /* Coffee_APIApp.swift */ = {isa = PBXFileReference; lastKnownFileType = sourcecode.swift; path = Coffee_APIApp.swift; sourceTree = "<group>"; };
		CEEB1DF827185DAD00021B9D /* Assets.xcassets */ = {isa = PBXFileReference; lastKnownFileType = folder.assetcatalog; path = Assets.xcassets; sourceTree = "<group>"; };
		CEEB1DFB27185DAD00021B9D /* Preview Assets.xcassets */ = {isa = PBXFileReference; lastKnownFileType = folder.assetcatalog; path = "Preview Assets.xcassets"; sourceTree = "<group>"; };
		CEEB1E0427185E3500021B9D /* APIConstants .swift */ = {isa = PBXFileReference; lastKnownFileType = sourcecode.swift; path = "APIConstants .swift"; sourceTree = "<group>"; };
		CEEB1E1627186A0500021B9D /* Coffee.swift */ = {isa = PBXFileReference; lastKnownFileType = sourcecode.swift; name = Coffee.swift; path = ../../../../../../../Documents/Coffee.swift; sourceTree = "<group>"; };
		CEEB1E1927186B1000021B9D /* CoffeeService.swift */ = {isa = PBXFileReference; lastKnownFileType = sourcecode.swift; name = CoffeeService.swift; path = ../../../../../../../Documents/CoffeeService.swift; sourceTree = "<group>"; };
		CEEB1E1C27186C2500021B9D /* CoffeeViewModel.swift */ = {isa = PBXFileReference; lastKnownFileType = sourcecode.swift; name = CoffeeViewModel.swift; path = ../../../../../../../Documents/CoffeeViewModel.swift; sourceTree = "<group>"; };
		CEEB1E2227186FC500021B9D /* CoffeeImageView.swift */ = {isa = PBXFileReference; lastKnownFileType = sourcecode.swift; name = CoffeeImageView.swift; path = ../../../../../../../Documents/CoffeeImageView.swift; sourceTree = "<group>"; };
		CEF02E292720E9F2001FC920 /* CurrentCoffeeScreen.swift */ = {isa = PBXFileReference; lastKnownFileType = sourcecode.swift; path = CurrentCoffeeScreen.swift; sourceTree = "<group>"; };
		CEF02E2B2720EAF1001FC920 /* LoadingView.swift */ = {isa = PBXFileReference; lastKnownFileType = sourcecode.swift; path = LoadingView.swift; sourceTree = "<group>"; };
/* End PBXFileReference section */

/* Begin PBXFrameworksBuildPhase section */
		CEEB1DEE27185D9400021B9D /* Frameworks */ = {
			isa = PBXFrameworksBuildPhase;
			buildActionMask = 2147483647;
			files = (
			);
			runOnlyForDeploymentPostprocessing = 0;
		};
/* End PBXFrameworksBuildPhase section */

/* Begin PBXGroup section */
		CEEB1DE827185D9400021B9D = {
			isa = PBXGroup;
			children = (
				CEF02E2B2720EAF1001FC920 /* LoadingView.swift */,
				CEEB1DF327185D9400021B9D /* Coffee API */,
				CEEB1DF227185D9400021B9D /* Products */,
			);
			sourceTree = "<group>";
		};
		CEEB1DF227185D9400021B9D /* Products */ = {
			isa = PBXGroup;
			children = (
				CEEB1DF127185D9400021B9D /* Coffee API.app */,
			);
			name = Products;
			sourceTree = "<group>";
		};
		CEEB1DF327185D9400021B9D /* Coffee API */ = {
			isa = PBXGroup;
			children = (
				CEEB1E14271869D200021B9D /* Feature */,
				CEEB1E0327185DFE00021B9D /* Constants */,
				CEEB1DF427185D9400021B9D /* Coffee_APIApp.swift */,
				CEEB1DF827185DAD00021B9D /* Assets.xcassets */,
				CEEB1DFA27185DAD00021B9D /* Preview Content */,
			);
			path = "Coffee API";
			sourceTree = "<group>";
		};
		CEEB1DFA27185DAD00021B9D /* Preview Content */ = {
			isa = PBXGroup;
			children = (
				CEEB1DFB27185DAD00021B9D /* Preview Assets.xcassets */,
			);
			path = "Preview Content";
			sourceTree = "<group>";
		};
		CEEB1E0327185DFE00021B9D /* Constants */ = {
			isa = PBXGroup;
			children = (
				CEEB1E0427185E3500021B9D /* APIConstants .swift */,
			);
			path = Constants;
			sourceTree = "<group>";
		};
		CEEB1E14271869D200021B9D /* Feature */ = {
			isa = PBXGroup;
			children = (
				CEEB1E2127186F9E00021B9D /* Views */,
				CEEB1E1E27186DE200021B9D /* Screen */,
				CEEB1E1B27186C0E00021B9D /* ViewModel */,
				CEEB1E1827186AF600021B9D /* Service */,
				CEEB1E15271869EB00021B9D /* Model */,
			);
			path = Feature;
			sourceTree = "<group>";
		};
		CEEB1E15271869EB00021B9D /* Model */ = {
			isa = PBXGroup;
			children = (
				CEEB1E1627186A0500021B9D /* Coffee.swift */,
			);
			path = Model;
			sourceTree = "<group>";
		};
		CEEB1E1827186AF600021B9D /* Service */ = {
			isa = PBXGroup;
			children = (
				CEEB1E1927186B1000021B9D /* CoffeeService.swift */,
			);
			path = Service;
			sourceTree = "<group>";
		};
		CEEB1E1B27186C0E00021B9D /* ViewModel */ = {
			isa = PBXGroup;
			children = (
				CEEB1E1C27186C2500021B9D /* CoffeeViewModel.swift */,
			);
			path = ViewModel;
			sourceTree = "<group>";
		};
		CEEB1E1E27186DE200021B9D /* Screen */ = {
			isa = PBXGroup;
			children = (
				CEF02E292720E9F2001FC920 /* CurrentCoffeeScreen.swift */,
			);
			path = Screen;
			sourceTree = "<group>";
		};
		CEEB1E2127186F9E00021B9D /* Views */ = {
			isa = PBXGroup;
			children = (
				CEEB1E2227186FC500021B9D /* CoffeeImageView.swift */,
			);
			path = Views;
			sourceTree = "<group>";
		};
/* End PBXGroup section */

/* Begin PBXNativeTarget section */
		CEEB1DF027185D9400021B9D /* Coffee API */ = {
			isa = PBXNativeTarget;
			buildConfigurationList = CEEB1DFF27185DAD00021B9D /* Build configuration list for PBXNativeTarget "Coffee API" */;
			buildPhases = (
				CEEB1DED27185D9400021B9D /* Sources */,
				CEEB1DEE27185D9400021B9D /* Frameworks */,
				CEEB1DEF27185D9400021B9D /* Resources */,
			);
			buildRules = (
			);
			dependencies = (
			);
			name = "Coffee API";
			productName = "Coffee API";
			productReference = CEEB1DF127185D9400021B9D /* Coffee API.app */;
			productType = "com.apple.product-type.application";
		};
/* End PBXNativeTarget section */

/* Begin PBXProject section */
		CEEB1DE927185D9400021B9D /* Project object */ = {
			isa = PBXProject;
			attributes = {
				BuildIndependentTargetsInParallel = 1;
				LastSwiftUpdateCheck = 1300;
				LastUpgradeCheck = 1300;
				TargetAttributes = {
					CEEB1DF027185D9400021B9D = {
						CreatedOnToolsVersion = 13.0;
					};
				};
			};
			buildConfigurationList = CEEB1DEC27185D9400021B9D /* Build configuration list for PBXProject "Coffee API" */;
			compatibilityVersion = "Xcode 13.0";
			developmentRegion = en;
			hasScannedForEncodings = 0;
			knownRegions = (
				en,
				Base,
			);
			mainGroup = CEEB1DE827185D9400021B9D;
			productRefGroup = CEEB1DF227185D9400021B9D /* Products */;
			projectDirPath = "";
			projectRoot = "";
			targets = (
				CEEB1DF027185D9400021B9D /* Coffee API */,
			);
		};
/* End PBXProject section */

/* Begin PBXResourcesBuildPhase section */
		CEEB1DEF27185D9400021B9D /* Resources */ = {
			isa = PBXResourcesBuildPhase;
			buildActionMask = 2147483647;
			files = (
				CEEB1DFC27185DAD00021B9D /* Preview Assets.xcassets in Resources */,
				CEEB1DF927185DAD00021B9D /* Assets.xcassets in Resources */,
			);
			runOnlyForDeploymentPostprocessing = 0;
		};
/* End PBXResourcesBuildPhase section */

/* Begin PBXSourcesBuildPhase section */
		CEEB1DED27185D9400021B9D /* Sources */ = {
			isa = PBXSourcesBuildPhase;
			buildActionMask = 2147483647;
			files = (
				CEEB1E0527185E3500021B9D /* APIConstants .swift in Sources */,
				CEEB1DF527185D9400021B9D /* Coffee_APIApp.swift in Sources */,
				CEEB1E1727186A0500021B9D /* Coffee.swift in Sources */,
				CEF02E2A2720E9F2001FC920 /* CurrentCoffeeScreen.swift in Sources */,
				CEEB1E1D27186C2500021B9D /* CoffeeViewModel.swift in Sources */,
				CEF02E2C2720EAF1001FC920 /* LoadingView.swift in Sources */,
				CEEB1E2327186FC500021B9D /* CoffeeImageView.swift in Sources */,
				CEEB1E1A27186B1000021B9D /* CoffeeService.swift in Sources */,
			);
			runOnlyForDeploymentPostprocessing = 0;
		};
/* End PBXSourcesBuildPhase section */

/* Begin XCBuildConfiguration section */
		CEEB1DFD27185DAD00021B9D /* Debug */ = {
			isa = XCBuildConfiguration;
			buildSettings = {
				ALWAYS_SEARCH_USER_PATHS = NO;
				CLANG_ANALYZER_NONNULL = YES;
				CLANG_ANALYZER_NUMBER_OBJECT_CONVERSION = YES_AGGRESSIVE;
				CLANG_CXX_LANGUAGE_STANDARD = "gnu++17";
				CLANG_CXX_LIBRARY = "libc++";
				CLANG_ENABLE_MODULES = YES;
				CLANG_ENABLE_OBJC_ARC = YES;
				CLANG_ENABLE_OBJC_WEAK = YES;
				CLANG_WARN_BLOCK_CAPTURE_AUTORELEASING = YES;
				CLANG_WARN_BOOL_CONVERSION = YES;
				CLANG_WARN_COMMA = YES;
				CLANG_WARN_CONSTANT_CONVERSION = YES;
				CLANG_WARN_DEPRECATED_OBJC_IMPLEMENTATIONS = YES;
				CLANG_WARN_DIRECT_OBJC_ISA_USAGE = YES_ERROR;
				CLANG_WARN_DOCUMENTATION_COMMENTS = YES;
				CLANG_WARN_EMPTY_BODY = YES;
				CLANG_WARN_ENUM_CONVERSION = YES;
				CLANG_WARN_INFINITE_RECURSION = YES;
				CLANG_WARN_INT_CONVERSION = YES;
				CLANG_WARN_NON_LITERAL_NULL_CONVERSION = YES;
				CLANG_WARN_OBJC_IMPLICIT_RETAIN_SELF = YES;
				CLANG_WARN_OBJC_LITERAL_CONVERSION = YES;
				CLANG_WARN_OBJC_ROOT_CLASS = YES_ERROR;
				CLANG_WARN_QUOTED_INCLUDE_IN_FRAMEWORK_HEADER = YES;
				CLANG_WARN_RANGE_LOOP_ANALYSIS = YES;
				CLANG_WARN_STRICT_PROTOTYPES = YES;
				CLANG_WARN_SUSPICIOUS_MOVE = YES;
				CLANG_WARN_UNGUARDED_AVAILABILITY = YES_AGGRESSIVE;
				CLANG_WARN_UNREACHABLE_CODE = YES;
				CLANG_WARN__DUPLICATE_METHOD_MATCH = YES;
				COPY_PHASE_STRIP = NO;
				DEBUG_INFORMATION_FORMAT = dwarf;
				ENABLE_STRICT_OBJC_MSGSEND = YES;
				ENABLE_TESTABILITY = YES;
				GCC_C_LANGUAGE_STANDARD = gnu11;
				GCC_DYNAMIC_NO_PIC = NO;
				GCC_NO_COMMON_BLOCKS = YES;
				GCC_OPTIMIZATION_LEVEL = 0;
				GCC_PREPROCESSOR_DEFINITIONS = (
					"DEBUG=1",
					"$(inherited)",
				);
				GCC_WARN_64_TO_32_BIT_CONVERSION = YES;
				GCC_WARN_ABOUT_RETURN_TYPE = YES_ERROR;
				GCC_WARN_UNDECLARED_SELECTOR = YES;
				GCC_WARN_UNINITIALIZED_AUTOS = YES_AGGRESSIVE;
				GCC_WARN_UNUSED_FUNCTION = YES;
				GCC_WARN_UNUSED_VARIABLE = YES;
				IPHONEOS_DEPLOYMENT_TARGET = 15.0;
				MTL_ENABLE_DEBUG_INFO = INCLUDE_SOURCE;
				MTL_FAST_MATH = YES;
				ONLY_ACTIVE_ARCH = YES;
				SDKROOT = iphoneos;
				SWIFT_ACTIVE_COMPILATION_CONDITIONS = DEBUG;
				SWIFT_OPTIMIZATION_LEVEL = "-Onone";
			};
			name = Debug;
		};
		CEEB1DFE27185DAD00021B9D /* Release */ = {
			isa = XCBuildConfiguration;
			buildSettings = {
				ALWAYS_SEARCH_USER_PATHS = NO;
				CLANG_ANALYZER_NONNULL = YES;
				CLANG_ANALYZER_NUMBER_OBJECT_CONVERSION = YES_AGGRESSIVE;
				CLANG_CXX_LANGUAGE_STANDARD = "gnu++17";
				CLANG_CXX_LIBRARY = "libc++";
				CLANG_ENABLE_MODULES = YES;
				CLANG_ENABLE_OBJC_ARC = YES;
				CLANG_ENABLE_OBJC_WEAK = YES;
				CLANG_WARN_BLOCK_CAPTURE_AUTORELEASING = YES;
				CLANG_WARN_BOOL_CONVERSION = YES;
				CLANG_WARN_COMMA = YES;
				CLANG_WARN_CONSTANT_CONVERSION = YES;
				CLANG_WARN_DEPRECATED_OBJC_IMPLEMENTATIONS = YES;
				CLANG_WARN_DIRECT_OBJC_ISA_USAGE = YES_ERROR;
				CLANG_WARN_DOCUMENTATION_COMMENTS = YES;
				CLANG_WARN_EMPTY_BODY = YES;
				CLANG_WARN_ENUM_CONVERSION = YES;
				CLANG_WARN_INFINITE_RECURSION = YES;
				CLANG_WARN_INT_CONVERSION = YES;
				CLANG_WARN_NON_LITERAL_NULL_CONVERSION = YES;
				CLANG_WARN_OBJC_IMPLICIT_RETAIN_SELF = YES;
				CLANG_WARN_OBJC_LITERAL_CONVERSION = YES;
				CLANG_WARN_OBJC_ROOT_CLASS = YES_ERROR;
				CLANG_WARN_QUOTED_INCLUDE_IN_FRAMEWORK_HEADER = YES;
				CLANG_WARN_RANGE_LOOP_ANALYSIS = YES;
				CLANG_WARN_STRICT_PROTOTYPES = YES;
				CLANG_WARN_SUSPICIOUS_MOVE = YES;
				CLANG_WARN_UNGUARDED_AVAILABILITY = YES_AGGRESSIVE;
				CLANG_WARN_UNREACHABLE_CODE = YES;
				CLANG_WARN__DUPLICATE_METHOD_MATCH = YES;
				COPY_PHASE_STRIP = NO;
				DEBUG_INFORMATION_FORMAT = "dwarf-with-dsym";
				ENABLE_NS_ASSERTIONS = NO;
				ENABLE_STRICT_OBJC_MSGSEND = YES;
				GCC_C_LANGUAGE_STANDARD = gnu11;
				GCC_NO_COMMON_BLOCKS = YES;
				GCC_WARN_64_TO_32_BIT_CONVERSION = YES;
				GCC_WARN_ABOUT_RETURN_TYPE = YES_ERROR;
				GCC_WARN_UNDECLARED_SELECTOR = YES;
				GCC_WARN_UNINITIALIZED_AUTOS = YES_AGGRESSIVE;
				GCC_WARN_UNUSED_FUNCTION = YES;
				GCC_WARN_UNUSED_VARIABLE = YES;
				IPHONEOS_DEPLOYMENT_TARGET = 15.0;
				MTL_ENABLE_DEBUG_INFO = NO;
				MTL_FAST_MATH = YES;
				SDKROOT = iphoneos;
				SWIFT_COMPILATION_MODE = wholemodule;
				SWIFT_OPTIMIZATION_LEVEL = "-O";
				VALIDATE_PRODUCT = YES;
			};
			name = Release;
		};
		CEEB1E0027185DAD00021B9D /* Debug */ = {
			isa = XCBuildConfiguration;
			buildSettings = {
				ASSETCATALOG_COMPILER_APPICON_NAME = AppIcon;
				ASSETCATALOG_COMPILER_GLOBAL_ACCENT_COLOR_NAME = AccentColor;
				CODE_SIGN_STYLE = Automatic;
				CURRENT_PROJECT_VERSION = 1;
				DEVELOPMENT_ASSET_PATHS = "\"Coffee API/Preview Content\"";
				DEVELOPMENT_TEAM = T5P6TDLT2T;
				ENABLE_PREVIEWS = YES;
				GENERATE_INFOPLIST_FILE = YES;
				INFOPLIST_KEY_UIApplicationSceneManifest_Generation = YES;
				INFOPLIST_KEY_UIApplicationSupportsIndirectInputEvents = YES;
				INFOPLIST_KEY_UILaunchScreen_Generation = YES;
				INFOPLIST_KEY_UISupportedInterfaceOrientations_iPad = "UIInterfaceOrientationPortrait UIInterfaceOrientationPortraitUpsideDown UIInterfaceOrientationLandscapeLeft UIInterfaceOrientationLandscapeRight";
				INFOPLIST_KEY_UISupportedInterfaceOrientations_iPhone = "UIInterfaceOrientationPortrait UIInterfaceOrientationLandscapeLeft UIInterfaceOrientationLandscapeRight";
				IPHONEOS_DEPLOYMENT_TARGET = 15.0;
				LD_RUNPATH_SEARCH_PATHS = (
					"$(inherited)",
					"@executable_path/Frameworks",
				);
				MARKETING_VERSION = 1.0;
				PRODUCT_BUNDLE_IDENTIFIER = "ca.angusmcaloon.Coffee-API";
				PRODUCT_NAME = "$(TARGET_NAME)";
				SWIFT_EMIT_LOC_STRINGS = YES;
				SWIFT_VERSION = 5.0;
				TARGETED_DEVICE_FAMILY = "1,2";
			};
			name = Debug;
		};
		CEEB1E0127185DAD00021B9D /* Release */ = {
			isa = XCBuildConfiguration;
			buildSettings = {
				ASSETCATALOG_COMPILER_APPICON_NAME = AppIcon;
				ASSETCATALOG_COMPILER_GLOBAL_ACCENT_COLOR_NAME = AccentColor;
				CODE_SIGN_STYLE = Automatic;
				CURRENT_PROJECT_VERSION = 1;
				DEVELOPMENT_ASSET_PATHS = "\"Coffee API/Preview Content\"";
				DEVELOPMENT_TEAM = T5P6TDLT2T;
				ENABLE_PREVIEWS = YES;
				GENERATE_INFOPLIST_FILE = YES;
				INFOPLIST_KEY_UIApplicationSceneManifest_Generation = YES;
				INFOPLIST_KEY_UIApplicationSupportsIndirectInputEvents = YES;
				INFOPLIST_KEY_UILaunchScreen_Generation = YES;
				INFOPLIST_KEY_UISupportedInterfaceOrientations_iPad = "UIInterfaceOrientationPortrait UIInterfaceOrientationPortraitUpsideDown UIInterfaceOrientationLandscapeLeft UIInterfaceOrientationLandscapeRight";
				INFOPLIST_KEY_UISupportedInterfaceOrientations_iPhone = "UIInterfaceOrientationPortrait UIInterfaceOrientationLandscapeLeft UIInterfaceOrientationLandscapeRight";
				IPHONEOS_DEPLOYMENT_TARGET = 15.0;
				LD_RUNPATH_SEARCH_PATHS = (
					"$(inherited)",
					"@executable_path/Frameworks",
				);
				MARKETING_VERSION = 1.0;
				PRODUCT_BUNDLE_IDENTIFIER = "ca.angusmcaloon.Coffee-API";
				PRODUCT_NAME = "$(TARGET_NAME)";
				SWIFT_EMIT_LOC_STRINGS = YES;
				SWIFT_VERSION = 5.0;
				TARGETED_DEVICE_FAMILY = "1,2";
			};
			name = Release;
		};
/* End XCBuildConfiguration section */

/* Begin XCConfigurationList section */
		CEEB1DEC27185D9400021B9D /* Build configuration list for PBXProject "Coffee API" */ = {
			isa = XCConfigurationList;
			buildConfigurations = (
				CEEB1DFD27185DAD00021B9D /* Debug */,
				CEEB1DFE27185DAD00021B9D /* Release */,
			);
			defaultConfigurationIsVisible = 0;
			defaultConfigurationName = Release;
		};
		CEEB1DFF27185DAD00021B9D /* Build configuration list for PBXNativeTarget "Coffee API" */ = {
			isa = XCConfigurationList;
			buildConfigurations = (
				CEEB1E0027185DAD00021B9D /* Debug */,
				CEEB1E0127185DAD00021B9D /* Release */,
			);
			defaultConfigurationIsVisible = 0;
			defaultConfigurationName = Release;
		};
/* End XCConfigurationList section */
	};
	rootObject = CEEB1DE927185D9400021B9D /* Project object */;
}
